
Microsoft Visual Studio Solution File, Format Version 12.00
# Visual Studio Version 17
VisualStudioVersion = 17.8.34525.116
MinimumVisualStudioVersion = 10.0.40219.1
Project("{FAE04EC0-301F-11D3-BF4B-00C04F79EFBC}") = "SuburbFinder.Server", "SuburbFinder.Server\SuburbFinder.Server.csproj", "{F60F84F7-BDB4-4149-9DF5-EAB65AA33C6E}"
EndProject
Project("{54A90642-561A-4BB1-A94E-469ADEE60C69}") = "suburbfinder.client", "suburbfinder.client\suburbfinder.client.esproj", "{A0A3A5A9-2782-4973-B2F6-7276AB0084D2}"
EndProject
Global
	GlobalSection(SolutionConfigurationPlatforms) = preSolution
		Debug|Any CPU = Debug|Any CPU
		Release|Any CPU = Release|Any CPU
	EndGlobalSection
	GlobalSection(ProjectConfigurationPlatforms) = postSolution
		{F60F84F7-BDB4-4149-9DF5-EAB65AA33C6E}.Debug|Any CPU.ActiveCfg = Debug|Any CPU
		{F60F84F7-BDB4-4149-9DF5-EAB65AA33C6E}.Debug|Any CPU.Build.0 = Debug|Any CPU
		{F60F84F7-BDB4-4149-9DF5-EAB65AA33C6E}.Release|Any CPU.ActiveCfg = Release|Any CPU
		{F60F84F7-BDB4-4149-9DF5-EAB65AA33C6E}.Release|Any CPU.Build.0 = Release|Any CPU
		{A0A3A5A9-2782-4973-B2F6-7276AB0084D2}.Debug|Any CPU.ActiveCfg = Debug|Any CPU
		{A0A3A5A9-2782-4973-B2F6-7276AB0084D2}.Debug|Any CPU.Build.0 = Debug|Any CPU
		{A0A3A5A9-2782-4973-B2F6-7276AB0084D2}.Debug|Any CPU.Deploy.0 = Debug|Any CPU
		{A0A3A5A9-2782-4973-B2F6-7276AB0084D2}.Release|Any CPU.ActiveCfg = Release|Any CPU
		{A0A3A5A9-2782-4973-B2F6-7276AB0084D2}.Release|Any CPU.Build.0 = Release|Any CPU
		{A0A3A5A9-2782-4973-B2F6-7276AB0084D2}.Release|Any CPU.Deploy.0 = Release|Any CPU
	EndGlobalSection
	GlobalSection(SolutionProperties) = preSolution
		HideSolutionNode = FALSE
	EndGlobalSection
	GlobalSection(ExtensibilityGlobals) = postSolution
		SolutionGuid = {94653BE6-BEB3-44FE-97A6-DF6C94E08ABD}
	EndGlobalSection
EndGlobal
